
Microsoft Visual Studio Solution File, Format Version 12.00
# Visual Studio Version 16
VisualStudioVersion = 16.0.31112.23
MinimumVisualStudioVersion = 10.0.40219.1
Project("{FAE04EC0-301F-11D3-BF4B-00C04F79EFBC}") = "Medidor", "Medidor\Medidor.csproj", "{083DA79A-44F6-4CBE-959E-0103C0426B38}"
EndProject
Project("{FAE04EC0-301F-11D3-BF4B-00C04F79EFBC}") = "MedidorModel", "MedidorModel\MedidorModel.csproj", "{895A3CB0-FED5-406B-8A11-480E3A290268}"
EndProject
Project("{FAE04EC0-301F-11D3-BF4B-00C04F79EFBC}") = "ServidorSocketUtils", "..\..\..\Desktop\Vespertino-2-main\ServidorSocketUtils\ServidorSocketUtils.csproj", "{652A1E09-5EB4-43C4-89AB-9FEA2DA531B5}"
EndProject
Global
	GlobalSection(SolutionConfigurationPlatforms) = preSolution
		Debug|Any CPU = Debug|Any CPU
		Release|Any CPU = Release|Any CPU
	EndGlobalSection
	GlobalSection(ProjectConfigurationPlatforms) = postSolution
		{083DA79A-44F6-4CBE-959E-0103C0426B38}.Debug|Any CPU.ActiveCfg = Debug|Any CPU
		{083DA79A-44F6-4CBE-959E-0103C0426B38}.Debug|Any CPU.Build.0 = Debug|Any CPU
		{083DA79A-44F6-4CBE-959E-0103C0426B38}.Release|Any CPU.ActiveCfg = Release|Any CPU
		{083DA79A-44F6-4CBE-959E-0103C0426B38}.Release|Any CPU.Build.0 = Release|Any CPU
		{895A3CB0-FED5-406B-8A11-480E3A290268}.Debug|Any CPU.ActiveCfg = Debug|Any CPU
		{895A3CB0-FED5-406B-8A11-480E3A290268}.Debug|Any CPU.Build.0 = Debug|Any CPU
		{895A3CB0-FED5-406B-8A11-480E3A290268}.Release|Any CPU.ActiveCfg = Release|Any CPU
		{895A3CB0-FED5-406B-8A11-480E3A290268}.Release|Any CPU.Build.0 = Release|Any CPU
		{652A1E09-5EB4-43C4-89AB-9FEA2DA531B5}.Debug|Any CPU.ActiveCfg = Debug|Any CPU
		{652A1E09-5EB4-43C4-89AB-9FEA2DA531B5}.Debug|Any CPU.Build.0 = Debug|Any CPU
		{652A1E09-5EB4-43C4-89AB-9FEA2DA531B5}.Release|Any CPU.ActiveCfg = Release|Any CPU
		{652A1E09-5EB4-43C4-89AB-9FEA2DA531B5}.Release|Any CPU.Build.0 = Release|Any CPU
	EndGlobalSection
	GlobalSection(SolutionProperties) = preSolution
		HideSolutionNode = FALSE
	EndGlobalSection
	GlobalSection(ExtensibilityGlobals) = postSolution
		SolutionGuid = {E7A599B7-DE3D-4264-829F-D2138ECE0F05}
	EndGlobalSection
EndGlobal
